
Microsoft Visual Studio Solution File, Format Version 12.00
# Visual Studio 14
VisualStudioVersion = 14.0.22609.0
MinimumVisualStudioVersion = 10.0.40219.1
Project("{2150E333-8FDC-42A3-9474-1A3956D46DE8}") = "src", "src", "{346980BC-4BCD-4644-912C-D67838A7B6A6}"
EndProject
Project("{2150E333-8FDC-42A3-9474-1A3956D46DE8}") = "Solution Items", "Solution Items", "{34A9D6AA-CBC9-4BE3-9282-EA767876B3CD}"
	ProjectSection(SolutionItems) = preProject
		global.json = global.json
	EndProjectSection
EndProject
Project("{8BB2217D-0F2D-49D1-97BC-3654ED321F3B}") = "Web", "sample\Web\Web.kproj", "{CEECB284-537F-4352-9EAB-17F67274FF9F}"
EndProject
Project("{8BB2217D-0F2D-49D1-97BC-3654ED321F3B}") = "BattlenetOauthProvider", "src\BattlenetOauthProvider\BattlenetOauthProvider.kproj", "{E78A1A3A-C367-411B-80E7-16FD73BF6CB3}"
EndProject
Global
	GlobalSection(SolutionConfigurationPlatforms) = preSolution
		Debug|Any CPU = Debug|Any CPU
		Release|Any CPU = Release|Any CPU
	EndGlobalSection
	GlobalSection(ProjectConfigurationPlatforms) = postSolution
		{CEECB284-537F-4352-9EAB-17F67274FF9F}.Debug|Any CPU.ActiveCfg = Debug|Any CPU
		{CEECB284-537F-4352-9EAB-17F67274FF9F}.Debug|Any CPU.Build.0 = Debug|Any CPU
		{CEECB284-537F-4352-9EAB-17F67274FF9F}.Release|Any CPU.ActiveCfg = Release|Any CPU
		{CEECB284-537F-4352-9EAB-17F67274FF9F}.Release|Any CPU.Build.0 = Release|Any CPU
		{E78A1A3A-C367-411B-80E7-16FD73BF6CB3}.Debug|Any CPU.ActiveCfg = Debug|Any CPU
		{E78A1A3A-C367-411B-80E7-16FD73BF6CB3}.Debug|Any CPU.Build.0 = Debug|Any CPU
		{E78A1A3A-C367-411B-80E7-16FD73BF6CB3}.Release|Any CPU.ActiveCfg = Release|Any CPU
		{E78A1A3A-C367-411B-80E7-16FD73BF6CB3}.Release|Any CPU.Build.0 = Release|Any CPU
	EndGlobalSection
	GlobalSection(SolutionProperties) = preSolution
		HideSolutionNode = FALSE
	EndGlobalSection
	GlobalSection(NestedProjects) = preSolution
		{CEECB284-537F-4352-9EAB-17F67274FF9F} = {346980BC-4BCD-4644-912C-D67838A7B6A6}
		{E78A1A3A-C367-411B-80E7-16FD73BF6CB3} = {346980BC-4BCD-4644-912C-D67838A7B6A6}
	EndGlobalSection
EndGlobal
